// !$*UTF8*$!
{
	archiveVersion = 1;
	classes = {
	};
	objectVersion = 56;
	objects = {

/* Begin PBXBuildFile section */
		B247EC7829AAFB3800716AEE /* AppDelegate.swift in Sources */ = {isa = PBXBuildFile; fileRef = B247EC7729AAFB3800716AEE /* AppDelegate.swift */; };
		B247EC7A29AAFB3800716AEE /* SceneDelegate.swift in Sources */ = {isa = PBXBuildFile; fileRef = B247EC7929AAFB3800716AEE /* SceneDelegate.swift */; };
		B247EC7C29AAFB3800716AEE /* ViewController.swift in Sources */ = {isa = PBXBuildFile; fileRef = B247EC7B29AAFB3800716AEE /* ViewController.swift */; };
		B247EC7F29AAFB3800716AEE /* Main.storyboard in Resources */ = {isa = PBXBuildFile; fileRef = B247EC7D29AAFB3800716AEE /* Main.storyboard */; };
		B247EC8129AAFB3A00716AEE /* Assets.xcassets in Resources */ = {isa = PBXBuildFile; fileRef = B247EC8029AAFB3A00716AEE /* Assets.xcassets */; };
		B247EC8429AAFB3A00716AEE /* LaunchScreen.storyboard in Resources */ = {isa = PBXBuildFile; fileRef = B247EC8229AAFB3A00716AEE /* LaunchScreen.storyboard */; };
		B247EC8F29AAFB3A00716AEE /* SampleDITests.swift in Sources */ = {isa = PBXBuildFile; fileRef = B247EC8E29AAFB3A00716AEE /* SampleDITests.swift */; };
		B247EC9929AAFB3A00716AEE /* SampleDIUITests.swift in Sources */ = {isa = PBXBuildFile; fileRef = B247EC9829AAFB3A00716AEE /* SampleDIUITests.swift */; };
		B247EC9B29AAFB3A00716AEE /* SampleDIUITestsLaunchTests.swift in Sources */ = {isa = PBXBuildFile; fileRef = B247EC9A29AAFB3A00716AEE /* SampleDIUITestsLaunchTests.swift */; };
		B247ECBB29ACC24C00716AEE /* SampleModel.swift in Sources */ = {isa = PBXBuildFile; fileRef = B247ECBA29ACC24C00716AEE /* SampleModel.swift */; };
		B247EEDF29AF135500716AEE /* UIViewController+Alert.swift in Sources */ = {isa = PBXBuildFile; fileRef = B247EEDE29AF135500716AEE /* UIViewController+Alert.swift */; };
		B247EEE129AF16FC00716AEE /* ViewController+MasterModule.swift in Sources */ = {isa = PBXBuildFile; fileRef = B247EEE029AF16FC00716AEE /* ViewController+MasterModule.swift */; };
		B247EEE329AF171C00716AEE /* ViewController+Router.swift in Sources */ = {isa = PBXBuildFile; fileRef = B247EEE229AF171C00716AEE /* ViewController+Router.swift */; };
		B24FCA7329B7189E0072B7DF /* GCDataBaseBuilder.swift in Sources */ = {isa = PBXBuildFile; fileRef = B24FCA0329B7189D0072B7DF /* GCDataBaseBuilder.swift */; };
		B24FCA7429B7189E0072B7DF /* GCDataBaseProtocol.swift in Sources */ = {isa = PBXBuildFile; fileRef = B24FCA0529B7189D0072B7DF /* GCDataBaseProtocol.swift */; };
		B24FCA7529B7189E0072B7DF /* GCDataBase.swift in Sources */ = {isa = PBXBuildFile; fileRef = B24FCA0729B7189D0072B7DF /* GCDataBase.swift */; };
		B24FCA7629B7189E0072B7DF /* GCDeviceInfo+Router.swift in Sources */ = {isa = PBXBuildFile; fileRef = B24FCA0A29B7189D0072B7DF /* GCDeviceInfo+Router.swift */; };
		B24FCA7729B7189E0072B7DF /* GCBatteryInfoProtocol.swift in Sources */ = {isa = PBXBuildFile; fileRef = B24FCA0C29B7189D0072B7DF /* GCBatteryInfoProtocol.swift */; };
		B24FCA7829B7189E0072B7DF /* GCAppDirectories.swift in Sources */ = {isa = PBXBuildFile; fileRef = B24FCA0E29B7189D0072B7DF /* GCAppDirectories.swift */; };
		B24FCA7929B7189E0072B7DF /* GCAppearance.swift in Sources */ = {isa = PBXBuildFile; fileRef = B24FCA0F29B7189D0072B7DF /* GCAppearance.swift */; };
		B24FCA7A29B7189E0072B7DF /* GCByteCountUnit.swift in Sources */ = {isa = PBXBuildFile; fileRef = B24FCA1029B7189D0072B7DF /* GCByteCountUnit.swift */; };
		B24FCA7B29B7189E0072B7DF /* ReceiptType.swift in Sources */ = {isa = PBXBuildFile; fileRef = B24FCA1129B7189D0072B7DF /* ReceiptType.swift */; };
		B24FCA7C29B7189E0072B7DF /* GCCarrierInfo.swift in Sources */ = {isa = PBXBuildFile; fileRef = B24FCA1229B7189D0072B7DF /* GCCarrierInfo.swift */; };
		B24FCA7D29B7189E0072B7DF /* GCBatteryState.swift in Sources */ = {isa = PBXBuildFile; fileRef = B24FCA1329B7189D0072B7DF /* GCBatteryState.swift */; };
		B24FCA7E29B7189E0072B7DF /* GCDeviceModelIdentifier.swift in Sources */ = {isa = PBXBuildFile; fileRef = B24FCA1429B7189D0072B7DF /* GCDeviceModelIdentifier.swift */; };
		B24FCA7F29B7189E0072B7DF /* GCVolumeInfo.swift in Sources */ = {isa = PBXBuildFile; fileRef = B24FCA1529B7189D0072B7DF /* GCVolumeInfo.swift */; };
		B24FCA8029B7189E0072B7DF /* GCDeviceModelIdentifier+Extension.swift in Sources */ = {isa = PBXBuildFile; fileRef = B24FCA1629B7189D0072B7DF /* GCDeviceModelIdentifier+Extension.swift */; };
		B24FCA8129B7189E0072B7DF /* GCDeviceModel.swift in Sources */ = {isa = PBXBuildFile; fileRef = B24FCA1729B7189D0072B7DF /* GCDeviceModel.swift */; };
		B24FCA8229B7189E0072B7DF /* GCProcessInfoProtocol.swift in Sources */ = {isa = PBXBuildFile; fileRef = B24FCA1829B7189D0072B7DF /* GCProcessInfoProtocol.swift */; };
		B24FCA8329B7189E0072B7DF /* GCBundleInfoProtocol.swift in Sources */ = {isa = PBXBuildFile; fileRef = B24FCA1929B7189D0072B7DF /* GCBundleInfoProtocol.swift */; };
		B24FCA8429B7189E0072B7DF /* GCCellularInfoProtocol.swift in Sources */ = {isa = PBXBuildFile; fileRef = B24FCA1A29B7189D0072B7DF /* GCCellularInfoProtocol.swift */; };
		B24FCA8529B7189E0072B7DF /* GCLocalizationInfoProtocol.swift in Sources */ = {isa = PBXBuildFile; fileRef = B24FCA1B29B7189D0072B7DF /* GCLocalizationInfoProtocol.swift */; };
		B24FCA8629B7189E0072B7DF /* GCVirtualMemoryProtocol.swift in Sources */ = {isa = PBXBuildFile; fileRef = B24FCA1C29B7189D0072B7DF /* GCVirtualMemoryProtocol.swift */; };
		B24FCA8729B7189E0072B7DF /* GCDiskInfoProtocol.swift in Sources */ = {isa = PBXBuildFile; fileRef = B24FCA1D29B7189D0072B7DF /* GCDiskInfoProtocol.swift */; };
		B24FCA8829B7189E0072B7DF /* GCStorageInfoProtocol.swift in Sources */ = {isa = PBXBuildFile; fileRef = B24FCA1E29B7189D0072B7DF /* GCStorageInfoProtocol.swift */; };
		B24FCA8929B7189E0072B7DF /* GCOSVersionProtocol.swift in Sources */ = {isa = PBXBuildFile; fileRef = B24FCA1F29B7189D0072B7DF /* GCOSVersionProtocol.swift */; };
		B24FCA8A29B7189E0072B7DF /* GCFileInfoProtocol.swift in Sources */ = {isa = PBXBuildFile; fileRef = B24FCA2029B7189D0072B7DF /* GCFileInfoProtocol.swift */; };
		B24FCA8B29B7189E0072B7DF /* GCDeviceModelInfoProtocol.swift in Sources */ = {isa = PBXBuildFile; fileRef = B24FCA2129B7189D0072B7DF /* GCDeviceModelInfoProtocol.swift */; };
		B24FCA8C29B7189E0072B7DF /* GCDeviceInfoProtocol.swift in Sources */ = {isa = PBXBuildFile; fileRef = B24FCA2229B7189D0072B7DF /* GCDeviceInfoProtocol.swift */; };
		B24FCA8D29B7189E0072B7DF /* GCDisplayInfoProtocol.swift in Sources */ = {isa = PBXBuildFile; fileRef = B24FCA2329B7189D0072B7DF /* GCDisplayInfoProtocol.swift */; };
		B24FCA8E29B7189E0072B7DF /* GCProcessInfo.swift in Sources */ = {isa = PBXBuildFile; fileRef = B24FCA2629B7189D0072B7DF /* GCProcessInfo.swift */; };
		B24FCA8F29B7189E0072B7DF /* GCStorageInfo.swift in Sources */ = {isa = PBXBuildFile; fileRef = B24FCA2829B7189D0072B7DF /* GCStorageInfo.swift */; };
		B24FCA9029B7189E0072B7DF /* GCVirtualMemory.swift in Sources */ = {isa = PBXBuildFile; fileRef = B24FCA2929B7189D0072B7DF /* GCVirtualMemory.swift */; };
		B24FCA9129B7189E0072B7DF /* GCDisplayInfo.swift in Sources */ = {isa = PBXBuildFile; fileRef = B24FCA2B29B7189D0072B7DF /* GCDisplayInfo.swift */; };
		B24FCA9229B7189E0072B7DF /* GCDiskInfo.swift in Sources */ = {isa = PBXBuildFile; fileRef = B24FCA2D29B7189D0072B7DF /* GCDiskInfo.swift */; };
		B24FCA9329B7189E0072B7DF /* GCBundleInfo.swift in Sources */ = {isa = PBXBuildFile; fileRef = B24FCA2F29B7189D0072B7DF /* GCBundleInfo.swift */; };
		B24FCA9429B7189E0072B7DF /* UIDevice+extension.swift in Sources */ = {isa = PBXBuildFile; fileRef = B24FCA3229B7189D0072B7DF /* UIDevice+extension.swift */; };
		B24FCA9529B7189E0072B7DF /* Optional+Extension.swift in Sources */ = {isa = PBXBuildFile; fileRef = B24FCA3329B7189D0072B7DF /* Optional+Extension.swift */; };
		B24FCA9629B7189E0072B7DF /* String+Router.swift in Sources */ = {isa = PBXBuildFile; fileRef = B24FCA3429B7189D0072B7DF /* String+Router.swift */; };
		B24FCA9729B7189E0072B7DF /* ByteCountFormatter+FormatBytes.swift in Sources */ = {isa = PBXBuildFile; fileRef = B24FCA3529B7189D0072B7DF /* ByteCountFormatter+FormatBytes.swift */; };
		B24FCA9829B7189E0072B7DF /* Data+Crypto.swift in Sources */ = {isa = PBXBuildFile; fileRef = B24FCA3629B7189D0072B7DF /* Data+Crypto.swift */; };
		B24FCA9929B7189E0072B7DF /* GCLocalizationInfo.swift in Sources */ = {isa = PBXBuildFile; fileRef = B24FCA3829B7189E0072B7DF /* GCLocalizationInfo.swift */; };
		B24FCA9A29B7189E0072B7DF /* GCDeviceInfo.swift in Sources */ = {isa = PBXBuildFile; fileRef = B24FCA3A29B7189E0072B7DF /* GCDeviceInfo.swift */; };
		B24FCA9B29B7189E0072B7DF /* GCDeviceInfoBuilder.swift in Sources */ = {isa = PBXBuildFile; fileRef = B24FCA3B29B7189E0072B7DF /* GCDeviceInfoBuilder.swift */; };
		B24FCA9C29B7189E0072B7DF /* GCDeviceModelInfo.swift in Sources */ = {isa = PBXBuildFile; fileRef = B24FCA3D29B7189E0072B7DF /* GCDeviceModelInfo.swift */; };
		B24FCA9D29B7189E0072B7DF /* GCOSVersion.swift in Sources */ = {isa = PBXBuildFile; fileRef = B24FCA3E29B7189E0072B7DF /* GCOSVersion.swift */; };
		B24FCA9E29B7189E0072B7DF /* GCBatteryInfo.swift in Sources */ = {isa = PBXBuildFile; fileRef = B24FCA4029B7189E0072B7DF /* GCBatteryInfo.swift */; };
		B24FCA9F29B7189E0072B7DF /* GCFileInfo.swift in Sources */ = {isa = PBXBuildFile; fileRef = B24FCA4229B7189E0072B7DF /* GCFileInfo.swift */; };
		B24FCAA029B7189E0072B7DF /* GCCellularInfo.swift in Sources */ = {isa = PBXBuildFile; fileRef = B24FCA4429B7189E0072B7DF /* GCCellularInfo.swift */; };
		B24FCAA129B7189E0072B7DF /* GCRouterUtilities.swift in Sources */ = {isa = PBXBuildFile; fileRef = B24FCA4629B7189E0072B7DF /* GCRouterUtilities.swift */; };
		B24FCAA229B7189E0072B7DF /* String+extension.swift in Sources */ = {isa = PBXBuildFile; fileRef = B24FCA4729B7189E0072B7DF /* String+extension.swift */; };
		B24FCAA329B7189E0072B7DF /* GCRouterProtocol.swift in Sources */ = {isa = PBXBuildFile; fileRef = B24FCA4829B7189E0072B7DF /* GCRouterProtocol.swift */; };
		B24FCAA429B7189E0072B7DF /* GCRouterItem.swift in Sources */ = {isa = PBXBuildFile; fileRef = B24FCA4929B7189E0072B7DF /* GCRouterItem.swift */; };
		B24FCAA529B7189E0072B7DF /* GCRouterSetting.swift in Sources */ = {isa = PBXBuildFile; fileRef = B24FCA4A29B7189E0072B7DF /* GCRouterSetting.swift */; };
		B24FCAA629B7189E0072B7DF /* GCRouter.swift in Sources */ = {isa = PBXBuildFile; fileRef = B24FCA4C29B7189E0072B7DF /* GCRouter.swift */; };
		B24FCAA829B7189E0072B7DF /* GCMasterModule+SetupModule.swift in Sources */ = {isa = PBXBuildFile; fileRef = B24FCA5129B7189E0072B7DF /* GCMasterModule+SetupModule.swift */; };
		B24FCAA929B7189E0072B7DF /* GCMasterModule+LocationService.swift in Sources */ = {isa = PBXBuildFile; fileRef = B24FCA5229B7189E0072B7DF /* GCMasterModule+LocationService.swift */; };
		B24FCAAA29B7189E0072B7DF /* GCMasterModule+GCDeviceInfo.swift in Sources */ = {isa = PBXBuildFile; fileRef = B24FCA5329B7189E0072B7DF /* GCMasterModule+GCDeviceInfo.swift */; };
		B24FCAAB29B7189E0072B7DF /* GCMasterModule+Network.swift in Sources */ = {isa = PBXBuildFile; fileRef = B24FCA5429B7189E0072B7DF /* GCMasterModule+Network.swift */; };
		B24FCAAC29B7189E0072B7DF /* GCMasterModule+Dependency.swift in Sources */ = {isa = PBXBuildFile; fileRef = B24FCA5529B7189E0072B7DF /* GCMasterModule+Dependency.swift */; };
		B24FCAAD29B7189E0072B7DF /* GCMasterModule+LocalCache.swift in Sources */ = {isa = PBXBuildFile; fileRef = B24FCA5629B7189E0072B7DF /* GCMasterModule+LocalCache.swift */; };
		B24FCAAE29B7189E0072B7DF /* GCMasterModule.swift in Sources */ = {isa = PBXBuildFile; fileRef = B24FCA5729B7189E0072B7DF /* GCMasterModule.swift */; };
		B24FCAAF29B7189E0072B7DF /* GCMasterModule+Database.swift in Sources */ = {isa = PBXBuildFile; fileRef = B24FCA5829B7189E0072B7DF /* GCMasterModule+Database.swift */; };
		B24FCAB029B7189E0072B7DF /* GCNetworking.swift in Sources */ = {isa = PBXBuildFile; fileRef = B24FCA5D29B7189E0072B7DF /* GCNetworking.swift */; };
		B24FCAB129B7189E0072B7DF /* GCNetworkingProtocol.swift in Sources */ = {isa = PBXBuildFile; fileRef = B24FCA5F29B7189E0072B7DF /* GCNetworkingProtocol.swift */; };
		B24FCAB229B7189E0072B7DF /* GCNetworkingBuilder.swift in Sources */ = {isa = PBXBuildFile; fileRef = B24FCA6129B7189E0072B7DF /* GCNetworkingBuilder.swift */; };
		B24FCAB329B7189E0072B7DF /* GCLocalCacheBuilder.swift in Sources */ = {isa = PBXBuildFile; fileRef = B24FCA6429B7189E0072B7DF /* GCLocalCacheBuilder.swift */; };
		B24FCAB429B7189E0072B7DF /* GCLocalCachedProtocol.swift in Sources */ = {isa = PBXBuildFile; fileRef = B24FCA6629B7189E0072B7DF /* GCLocalCachedProtocol.swift */; };
		B24FCAB529B7189E0072B7DF /* GCLocalCached.swift in Sources */ = {isa = PBXBuildFile; fileRef = B24FCA6829B7189E0072B7DF /* GCLocalCached.swift */; };
		B24FCAB629B7189E0072B7DF /* LocationServices.swift in Sources */ = {isa = PBXBuildFile; fileRef = B24FCA6C29B7189E0072B7DF /* LocationServices.swift */; };
		B24FCAB729B7189E0072B7DF /* LocationServiceModuleRegister.swift in Sources */ = {isa = PBXBuildFile; fileRef = B24FCA6D29B7189E0072B7DF /* LocationServiceModuleRegister.swift */; };
		B24FCAB829B7189E0072B7DF /* LocationServicesRouterHandler.swift in Sources */ = {isa = PBXBuildFile; fileRef = B24FCA6E29B7189E0072B7DF /* LocationServicesRouterHandler.swift */; };
		B24FCAB929B7189E0072B7DF /* GeoComplySDK.swift in Sources */ = {isa = PBXBuildFile; fileRef = B24FCA7129B7189E0072B7DF /* GeoComplySDK.swift */; };
		B25B1A2C29AF18E00005685F /* CustomRouterHandler.swift in Sources */ = {isa = PBXBuildFile; fileRef = B25B1A2B29AF18E00005685F /* CustomRouterHandler.swift */; };
/* End PBXBuildFile section */

/* Begin PBXContainerItemProxy section */
		B247EC8B29AAFB3A00716AEE /* PBXContainerItemProxy */ = {
			isa = PBXContainerItemProxy;
			containerPortal = B247EC6C29AAFB3800716AEE /* Project object */;
			proxyType = 1;
			remoteGlobalIDString = B247EC7329AAFB3800716AEE;
			remoteInfo = SampleDI;
		};
		B247EC9529AAFB3A00716AEE /* PBXContainerItemProxy */ = {
			isa = PBXContainerItemProxy;
			containerPortal = B247EC6C29AAFB3800716AEE /* Project object */;
			proxyType = 1;
			remoteGlobalIDString = B247EC7329AAFB3800716AEE;
			remoteInfo = SampleDI;
		};
/* End PBXContainerItemProxy section */

/* Begin PBXCopyFilesBuildPhase section */
		B247ED4029AD03F800716AEE /* Embed Frameworks */ = {
			isa = PBXCopyFilesBuildPhase;
			buildActionMask = 2147483647;
			dstPath = "";
			dstSubfolderSpec = 10;
			files = (
			);
			name = "Embed Frameworks";
			runOnlyForDeploymentPostprocessing = 0;
		};
/* End PBXCopyFilesBuildPhase section */

/* Begin PBXFileReference section */
		B247EC7429AAFB3800716AEE /* SampleDI.app */ = {isa = PBXFileReference; explicitFileType = wrapper.application; includeInIndex = 0; path = SampleDI.app; sourceTree = BUILT_PRODUCTS_DIR; };
		B247EC7729AAFB3800716AEE /* AppDelegate.swift */ = {isa = PBXFileReference; lastKnownFileType = sourcecode.swift; path = AppDelegate.swift; sourceTree = "<group>"; };
		B247EC7929AAFB3800716AEE /* SceneDelegate.swift */ = {isa = PBXFileReference; lastKnownFileType = sourcecode.swift; path = SceneDelegate.swift; sourceTree = "<group>"; };
		B247EC7B29AAFB3800716AEE /* ViewController.swift */ = {isa = PBXFileReference; lastKnownFileType = sourcecode.swift; path = ViewController.swift; sourceTree = "<group>"; };
		B247EC7E29AAFB3800716AEE /* Base */ = {isa = PBXFileReference; lastKnownFileType = file.storyboard; name = Base; path = Base.lproj/Main.storyboard; sourceTree = "<group>"; };
		B247EC8029AAFB3A00716AEE /* Assets.xcassets */ = {isa = PBXFileReference; lastKnownFileType = folder.assetcatalog; path = Assets.xcassets; sourceTree = "<group>"; };
		B247EC8329AAFB3A00716AEE /* Base */ = {isa = PBXFileReference; lastKnownFileType = file.storyboard; name = Base; path = Base.lproj/LaunchScreen.storyboard; sourceTree = "<group>"; };
		B247EC8529AAFB3A00716AEE /* Info.plist */ = {isa = PBXFileReference; lastKnownFileType = text.plist.xml; path = Info.plist; sourceTree = "<group>"; };
		B247EC8A29AAFB3A00716AEE /* SampleDITests.xctest */ = {isa = PBXFileReference; explicitFileType = wrapper.cfbundle; includeInIndex = 0; path = SampleDITests.xctest; sourceTree = BUILT_PRODUCTS_DIR; };
		B247EC8E29AAFB3A00716AEE /* SampleDITests.swift */ = {isa = PBXFileReference; lastKnownFileType = sourcecode.swift; path = SampleDITests.swift; sourceTree = "<group>"; };
		B247EC9429AAFB3A00716AEE /* SampleDIUITests.xctest */ = {isa = PBXFileReference; explicitFileType = wrapper.cfbundle; includeInIndex = 0; path = SampleDIUITests.xctest; sourceTree = BUILT_PRODUCTS_DIR; };
		B247EC9829AAFB3A00716AEE /* SampleDIUITests.swift */ = {isa = PBXFileReference; lastKnownFileType = sourcecode.swift; path = SampleDIUITests.swift; sourceTree = "<group>"; };
		B247EC9A29AAFB3A00716AEE /* SampleDIUITestsLaunchTests.swift */ = {isa = PBXFileReference; lastKnownFileType = sourcecode.swift; path = SampleDIUITestsLaunchTests.swift; sourceTree = "<group>"; };
		B247ECBA29ACC24C00716AEE /* SampleModel.swift */ = {isa = PBXFileReference; lastKnownFileType = sourcecode.swift; path = SampleModel.swift; sourceTree = "<group>"; };
		B247EEDE29AF135500716AEE /* UIViewController+Alert.swift */ = {isa = PBXFileReference; lastKnownFileType = sourcecode.swift; path = "UIViewController+Alert.swift"; sourceTree = "<group>"; };
		B247EEE029AF16FC00716AEE /* ViewController+MasterModule.swift */ = {isa = PBXFileReference; lastKnownFileType = sourcecode.swift; path = "ViewController+MasterModule.swift"; sourceTree = "<group>"; };
		B247EEE229AF171C00716AEE /* ViewController+Router.swift */ = {isa = PBXFileReference; lastKnownFileType = sourcecode.swift; path = "ViewController+Router.swift"; sourceTree = "<group>"; };
		B24FCA0129B7189D0072B7DF /* GCDataBase.h */ = {isa = PBXFileReference; fileEncoding = 4; lastKnownFileType = sourcecode.c.h; path = GCDataBase.h; sourceTree = "<group>"; };
		B24FCA0329B7189D0072B7DF /* GCDataBaseBuilder.swift */ = {isa = PBXFileReference; fileEncoding = 4; lastKnownFileType = sourcecode.swift; path = GCDataBaseBuilder.swift; sourceTree = "<group>"; };
		B24FCA0529B7189D0072B7DF /* GCDataBaseProtocol.swift */ = {isa = PBXFileReference; fileEncoding = 4; lastKnownFileType = sourcecode.swift; path = GCDataBaseProtocol.swift; sourceTree = "<group>"; };
		B24FCA0729B7189D0072B7DF /* GCDataBase.swift */ = {isa = PBXFileReference; fileEncoding = 4; lastKnownFileType = sourcecode.swift; path = GCDataBase.swift; sourceTree = "<group>"; };
		B24FCA0929B7189D0072B7DF /* GCDeviceInfo.h */ = {isa = PBXFileReference; fileEncoding = 4; lastKnownFileType = sourcecode.c.h; path = GCDeviceInfo.h; sourceTree = "<group>"; };
		B24FCA0A29B7189D0072B7DF /* GCDeviceInfo+Router.swift */ = {isa = PBXFileReference; fileEncoding = 4; lastKnownFileType = sourcecode.swift; path = "GCDeviceInfo+Router.swift"; sourceTree = "<group>"; };
		B24FCA0C29B7189D0072B7DF /* GCBatteryInfoProtocol.swift */ = {isa = PBXFileReference; fileEncoding = 4; lastKnownFileType = sourcecode.swift; path = GCBatteryInfoProtocol.swift; sourceTree = "<group>"; };
		B24FCA0E29B7189D0072B7DF /* GCAppDirectories.swift */ = {isa = PBXFileReference; fileEncoding = 4; lastKnownFileType = sourcecode.swift; path = GCAppDirectories.swift; sourceTree = "<group>"; };
		B24FCA0F29B7189D0072B7DF /* GCAppearance.swift */ = {isa = PBXFileReference; fileEncoding = 4; lastKnownFileType = sourcecode.swift; path = GCAppearance.swift; sourceTree = "<group>"; };
		B24FCA1029B7189D0072B7DF /* GCByteCountUnit.swift */ = {isa = PBXFileReference; fileEncoding = 4; lastKnownFileType = sourcecode.swift; path = GCByteCountUnit.swift; sourceTree = "<group>"; };
		B24FCA1129B7189D0072B7DF /* ReceiptType.swift */ = {isa = PBXFileReference; fileEncoding = 4; lastKnownFileType = sourcecode.swift; path = ReceiptType.swift; sourceTree = "<group>"; };
		B24FCA1229B7189D0072B7DF /* GCCarrierInfo.swift */ = {isa = PBXFileReference; fileEncoding = 4; lastKnownFileType = sourcecode.swift; path = GCCarrierInfo.swift; sourceTree = "<group>"; };
		B24FCA1329B7189D0072B7DF /* GCBatteryState.swift */ = {isa = PBXFileReference; fileEncoding = 4; lastKnownFileType = sourcecode.swift; path = GCBatteryState.swift; sourceTree = "<group>"; };
		B24FCA1429B7189D0072B7DF /* GCDeviceModelIdentifier.swift */ = {isa = PBXFileReference; fileEncoding = 4; lastKnownFileType = sourcecode.swift; path = GCDeviceModelIdentifier.swift; sourceTree = "<group>"; };
		B24FCA1529B7189D0072B7DF /* GCVolumeInfo.swift */ = {isa = PBXFileReference; fileEncoding = 4; lastKnownFileType = sourcecode.swift; path = GCVolumeInfo.swift; sourceTree = "<group>"; };
		B24FCA1629B7189D0072B7DF /* GCDeviceModelIdentifier+Extension.swift */ = {isa = PBXFileReference; fileEncoding = 4; lastKnownFileType = sourcecode.swift; path = "GCDeviceModelIdentifier+Extension.swift"; sourceTree = "<group>"; };
		B24FCA1729B7189D0072B7DF /* GCDeviceModel.swift */ = {isa = PBXFileReference; fileEncoding = 4; lastKnownFileType = sourcecode.swift; path = GCDeviceModel.swift; sourceTree = "<group>"; };
		B24FCA1829B7189D0072B7DF /* GCProcessInfoProtocol.swift */ = {isa = PBXFileReference; fileEncoding = 4; lastKnownFileType = sourcecode.swift; path = GCProcessInfoProtocol.swift; sourceTree = "<group>"; };
		B24FCA1929B7189D0072B7DF /* GCBundleInfoProtocol.swift */ = {isa = PBXFileReference; fileEncoding = 4; lastKnownFileType = sourcecode.swift; path = GCBundleInfoProtocol.swift; sourceTree = "<group>"; };
		B24FCA1A29B7189D0072B7DF /* GCCellularInfoProtocol.swift */ = {isa = PBXFileReference; fileEncoding = 4; lastKnownFileType = sourcecode.swift; path = GCCellularInfoProtocol.swift; sourceTree = "<group>"; };
		B24FCA1B29B7189D0072B7DF /* GCLocalizationInfoProtocol.swift */ = {isa = PBXFileReference; fileEncoding = 4; lastKnownFileType = sourcecode.swift; path = GCLocalizationInfoProtocol.swift; sourceTree = "<group>"; };
		B24FCA1C29B7189D0072B7DF /* GCVirtualMemoryProtocol.swift */ = {isa = PBXFileReference; fileEncoding = 4; lastKnownFileType = sourcecode.swift; path = GCVirtualMemoryProtocol.swift; sourceTree = "<group>"; };
		B24FCA1D29B7189D0072B7DF /* GCDiskInfoProtocol.swift */ = {isa = PBXFileReference; fileEncoding = 4; lastKnownFileType = sourcecode.swift; path = GCDiskInfoProtocol.swift; sourceTree = "<group>"; };
		B24FCA1E29B7189D0072B7DF /* GCStorageInfoProtocol.swift */ = {isa = PBXFileReference; fileEncoding = 4; lastKnownFileType = sourcecode.swift; path = GCStorageInfoProtocol.swift; sourceTree = "<group>"; };
		B24FCA1F29B7189D0072B7DF /* GCOSVersionProtocol.swift */ = {isa = PBXFileReference; fileEncoding = 4; lastKnownFileType = sourcecode.swift; path = GCOSVersionProtocol.swift; sourceTree = "<group>"; };
		B24FCA2029B7189D0072B7DF /* GCFileInfoProtocol.swift */ = {isa = PBXFileReference; fileEncoding = 4; lastKnownFileType = sourcecode.swift; path = GCFileInfoProtocol.swift; sourceTree = "<group>"; };
		B24FCA2129B7189D0072B7DF /* GCDeviceModelInfoProtocol.swift */ = {isa = PBXFileReference; fileEncoding = 4; lastKnownFileType = sourcecode.swift; path = GCDeviceModelInfoProtocol.swift; sourceTree = "<group>"; };
		B24FCA2229B7189D0072B7DF /* GCDeviceInfoProtocol.swift */ = {isa = PBXFileReference; fileEncoding = 4; lastKnownFileType = sourcecode.swift; path = GCDeviceInfoProtocol.swift; sourceTree = "<group>"; };
		B24FCA2329B7189D0072B7DF /* GCDisplayInfoProtocol.swift */ = {isa = PBXFileReference; fileEncoding = 4; lastKnownFileType = sourcecode.swift; path = GCDisplayInfoProtocol.swift; sourceTree = "<group>"; };
		B24FCA2629B7189D0072B7DF /* GCProcessInfo.swift */ = {isa = PBXFileReference; fileEncoding = 4; lastKnownFileType = sourcecode.swift; path = GCProcessInfo.swift; sourceTree = "<group>"; };
		B24FCA2829B7189D0072B7DF /* GCStorageInfo.swift */ = {isa = PBXFileReference; fileEncoding = 4; lastKnownFileType = sourcecode.swift; path = GCStorageInfo.swift; sourceTree = "<group>"; };
		B24FCA2929B7189D0072B7DF /* GCVirtualMemory.swift */ = {isa = PBXFileReference; fileEncoding = 4; lastKnownFileType = sourcecode.swift; path = GCVirtualMemory.swift; sourceTree = "<group>"; };
		B24FCA2B29B7189D0072B7DF /* GCDisplayInfo.swift */ = {isa = PBXFileReference; fileEncoding = 4; lastKnownFileType = sourcecode.swift; path = GCDisplayInfo.swift; sourceTree = "<group>"; };
		B24FCA2D29B7189D0072B7DF /* GCDiskInfo.swift */ = {isa = PBXFileReference; fileEncoding = 4; lastKnownFileType = sourcecode.swift; path = GCDiskInfo.swift; sourceTree = "<group>"; };
		B24FCA2F29B7189D0072B7DF /* GCBundleInfo.swift */ = {isa = PBXFileReference; fileEncoding = 4; lastKnownFileType = sourcecode.swift; path = GCBundleInfo.swift; sourceTree = "<group>"; };
		B24FCA3229B7189D0072B7DF /* UIDevice+extension.swift */ = {isa = PBXFileReference; fileEncoding = 4; lastKnownFileType = sourcecode.swift; path = "UIDevice+extension.swift"; sourceTree = "<group>"; };
		B24FCA3329B7189D0072B7DF /* Optional+Extension.swift */ = {isa = PBXFileReference; fileEncoding = 4; lastKnownFileType = sourcecode.swift; path = "Optional+Extension.swift"; sourceTree = "<group>"; };
		B24FCA3429B7189D0072B7DF /* String+Router.swift */ = {isa = PBXFileReference; fileEncoding = 4; lastKnownFileType = sourcecode.swift; path = "String+Router.swift"; sourceTree = "<group>"; };
		B24FCA3529B7189D0072B7DF /* ByteCountFormatter+FormatBytes.swift */ = {isa = PBXFileReference; fileEncoding = 4; lastKnownFileType = sourcecode.swift; path = "ByteCountFormatter+FormatBytes.swift"; sourceTree = "<group>"; };
		B24FCA3629B7189D0072B7DF /* Data+Crypto.swift */ = {isa = PBXFileReference; fileEncoding = 4; lastKnownFileType = sourcecode.swift; path = "Data+Crypto.swift"; sourceTree = "<group>"; };
		B24FCA3829B7189E0072B7DF /* GCLocalizationInfo.swift */ = {isa = PBXFileReference; fileEncoding = 4; lastKnownFileType = sourcecode.swift; path = GCLocalizationInfo.swift; sourceTree = "<group>"; };
		B24FCA3A29B7189E0072B7DF /* GCDeviceInfo.swift */ = {isa = PBXFileReference; fileEncoding = 4; lastKnownFileType = sourcecode.swift; path = GCDeviceInfo.swift; sourceTree = "<group>"; };
		B24FCA3B29B7189E0072B7DF /* GCDeviceInfoBuilder.swift */ = {isa = PBXFileReference; fileEncoding = 4; lastKnownFileType = sourcecode.swift; path = GCDeviceInfoBuilder.swift; sourceTree = "<group>"; };
		B24FCA3D29B7189E0072B7DF /* GCDeviceModelInfo.swift */ = {isa = PBXFileReference; fileEncoding = 4; lastKnownFileType = sourcecode.swift; path = GCDeviceModelInfo.swift; sourceTree = "<group>"; };
		B24FCA3E29B7189E0072B7DF /* GCOSVersion.swift */ = {isa = PBXFileReference; fileEncoding = 4; lastKnownFileType = sourcecode.swift; path = GCOSVersion.swift; sourceTree = "<group>"; };
		B24FCA4029B7189E0072B7DF /* GCBatteryInfo.swift */ = {isa = PBXFileReference; fileEncoding = 4; lastKnownFileType = sourcecode.swift; path = GCBatteryInfo.swift; sourceTree = "<group>"; };
		B24FCA4229B7189E0072B7DF /* GCFileInfo.swift */ = {isa = PBXFileReference; fileEncoding = 4; lastKnownFileType = sourcecode.swift; path = GCFileInfo.swift; sourceTree = "<group>"; };
		B24FCA4429B7189E0072B7DF /* GCCellularInfo.swift */ = {isa = PBXFileReference; fileEncoding = 4; lastKnownFileType = sourcecode.swift; path = GCCellularInfo.swift; sourceTree = "<group>"; };
		B24FCA4629B7189E0072B7DF /* GCRouterUtilities.swift */ = {isa = PBXFileReference; fileEncoding = 4; lastKnownFileType = sourcecode.swift; path = GCRouterUtilities.swift; sourceTree = "<group>"; };
		B24FCA4729B7189E0072B7DF /* String+extension.swift */ = {isa = PBXFileReference; fileEncoding = 4; lastKnownFileType = sourcecode.swift; path = "String+extension.swift"; sourceTree = "<group>"; };
		B24FCA4829B7189E0072B7DF /* GCRouterProtocol.swift */ = {isa = PBXFileReference; fileEncoding = 4; lastKnownFileType = sourcecode.swift; path = GCRouterProtocol.swift; sourceTree = "<group>"; };
		B24FCA4929B7189E0072B7DF /* GCRouterItem.swift */ = {isa = PBXFileReference; fileEncoding = 4; lastKnownFileType = sourcecode.swift; path = GCRouterItem.swift; sourceTree = "<group>"; };
		B24FCA4A29B7189E0072B7DF /* GCRouterSetting.swift */ = {isa = PBXFileReference; fileEncoding = 4; lastKnownFileType = sourcecode.swift; path = GCRouterSetting.swift; sourceTree = "<group>"; };
		B24FCA4B29B7189E0072B7DF /* GCRouter.h */ = {isa = PBXFileReference; fileEncoding = 4; lastKnownFileType = sourcecode.c.h; path = GCRouter.h; sourceTree = "<group>"; };
		B24FCA4C29B7189E0072B7DF /* GCRouter.swift */ = {isa = PBXFileReference; fileEncoding = 4; lastKnownFileType = sourcecode.swift; path = GCRouter.swift; sourceTree = "<group>"; };
		B24FCA5129B7189E0072B7DF /* GCMasterModule+SetupModule.swift */ = {isa = PBXFileReference; fileEncoding = 4; lastKnownFileType = sourcecode.swift; path = "GCMasterModule+SetupModule.swift"; sourceTree = "<group>"; };
		B24FCA5229B7189E0072B7DF /* GCMasterModule+LocationService.swift */ = {isa = PBXFileReference; fileEncoding = 4; lastKnownFileType = sourcecode.swift; path = "GCMasterModule+LocationService.swift"; sourceTree = "<group>"; };
		B24FCA5329B7189E0072B7DF /* GCMasterModule+GCDeviceInfo.swift */ = {isa = PBXFileReference; fileEncoding = 4; lastKnownFileType = sourcecode.swift; path = "GCMasterModule+GCDeviceInfo.swift"; sourceTree = "<group>"; };
		B24FCA5429B7189E0072B7DF /* GCMasterModule+Network.swift */ = {isa = PBXFileReference; fileEncoding = 4; lastKnownFileType = sourcecode.swift; path = "GCMasterModule+Network.swift"; sourceTree = "<group>"; };
		B24FCA5529B7189E0072B7DF /* GCMasterModule+Dependency.swift */ = {isa = PBXFileReference; fileEncoding = 4; lastKnownFileType = sourcecode.swift; path = "GCMasterModule+Dependency.swift"; sourceTree = "<group>"; };
		B24FCA5629B7189E0072B7DF /* GCMasterModule+LocalCache.swift */ = {isa = PBXFileReference; fileEncoding = 4; lastKnownFileType = sourcecode.swift; path = "GCMasterModule+LocalCache.swift"; sourceTree = "<group>"; };
		B24FCA5729B7189E0072B7DF /* GCMasterModule.swift */ = {isa = PBXFileReference; fileEncoding = 4; lastKnownFileType = sourcecode.swift; path = GCMasterModule.swift; sourceTree = "<group>"; };
		B24FCA5829B7189E0072B7DF /* GCMasterModule+Database.swift */ = {isa = PBXFileReference; fileEncoding = 4; lastKnownFileType = sourcecode.swift; path = "GCMasterModule+Database.swift"; sourceTree = "<group>"; };
		B24FCA5929B7189E0072B7DF /* GCMasterModule.h */ = {isa = PBXFileReference; fileEncoding = 4; lastKnownFileType = sourcecode.c.h; path = GCMasterModule.h; sourceTree = "<group>"; };
		B24FCA5C29B7189E0072B7DF /* GCNetworking.h */ = {isa = PBXFileReference; fileEncoding = 4; lastKnownFileType = sourcecode.c.h; path = GCNetworking.h; sourceTree = "<group>"; };
		B24FCA5D29B7189E0072B7DF /* GCNetworking.swift */ = {isa = PBXFileReference; fileEncoding = 4; lastKnownFileType = sourcecode.swift; path = GCNetworking.swift; sourceTree = "<group>"; };
		B24FCA5F29B7189E0072B7DF /* GCNetworkingProtocol.swift */ = {isa = PBXFileReference; fileEncoding = 4; lastKnownFileType = sourcecode.swift; path = GCNetworkingProtocol.swift; sourceTree = "<group>"; };
		B24FCA6129B7189E0072B7DF /* GCNetworkingBuilder.swift */ = {isa = PBXFileReference; fileEncoding = 4; lastKnownFileType = sourcecode.swift; path = GCNetworkingBuilder.swift; sourceTree = "<group>"; };
		B24FCA6429B7189E0072B7DF /* GCLocalCacheBuilder.swift */ = {isa = PBXFileReference; fileEncoding = 4; lastKnownFileType = sourcecode.swift; path = GCLocalCacheBuilder.swift; sourceTree = "<group>"; };
		B24FCA6629B7189E0072B7DF /* GCLocalCachedProtocol.swift */ = {isa = PBXFileReference; fileEncoding = 4; lastKnownFileType = sourcecode.swift; path = GCLocalCachedProtocol.swift; sourceTree = "<group>"; };
		B24FCA6829B7189E0072B7DF /* GCLocalCached.swift */ = {isa = PBXFileReference; fileEncoding = 4; lastKnownFileType = sourcecode.swift; path = GCLocalCached.swift; sourceTree = "<group>"; };
		B24FCA6929B7189E0072B7DF /* GCLocalCached.h */ = {isa = PBXFileReference; fileEncoding = 4; lastKnownFileType = sourcecode.c.h; path = GCLocalCached.h; sourceTree = "<group>"; };
		B24FCA6B29B7189E0072B7DF /* LocationFrameWork.h */ = {isa = PBXFileReference; fileEncoding = 4; lastKnownFileType = sourcecode.c.h; path = LocationFrameWork.h; sourceTree = "<group>"; };
		B24FCA6C29B7189E0072B7DF /* LocationServices.swift */ = {isa = PBXFileReference; fileEncoding = 4; lastKnownFileType = sourcecode.swift; path = LocationServices.swift; sourceTree = "<group>"; };
		B24FCA6D29B7189E0072B7DF /* LocationServiceModuleRegister.swift */ = {isa = PBXFileReference; fileEncoding = 4; lastKnownFileType = sourcecode.swift; path = LocationServiceModuleRegister.swift; sourceTree = "<group>"; };
		B24FCA6E29B7189E0072B7DF /* LocationServicesRouterHandler.swift */ = {isa = PBXFileReference; fileEncoding = 4; lastKnownFileType = sourcecode.swift; path = LocationServicesRouterHandler.swift; sourceTree = "<group>"; };
		B24FCA7129B7189E0072B7DF /* GeoComplySDK.swift */ = {isa = PBXFileReference; fileEncoding = 4; lastKnownFileType = sourcecode.swift; path = GeoComplySDK.swift; sourceTree = "<group>"; };
		B24FCA7229B7189E0072B7DF /* GCClient.h */ = {isa = PBXFileReference; fileEncoding = 4; lastKnownFileType = sourcecode.c.h; path = GCClient.h; sourceTree = "<group>"; };
		B25B1A2B29AF18E00005685F /* CustomRouterHandler.swift */ = {isa = PBXFileReference; lastKnownFileType = sourcecode.swift; path = CustomRouterHandler.swift; sourceTree = "<group>"; };
/* End PBXFileReference section */

/* Begin PBXFrameworksBuildPhase section */
		B247EC7129AAFB3800716AEE /* Frameworks */ = {
			isa = PBXFrameworksBuildPhase;
			buildActionMask = 2147483647;
			files = (
			);
			runOnlyForDeploymentPostprocessing = 0;
		};
		B247EC8729AAFB3A00716AEE /* Frameworks */ = {
			isa = PBXFrameworksBuildPhase;
			buildActionMask = 2147483647;
			files = (
			);
			runOnlyForDeploymentPostprocessing = 0;
		};
		B247EC9129AAFB3A00716AEE /* Frameworks */ = {
			isa = PBXFrameworksBuildPhase;
			buildActionMask = 2147483647;
			files = (
			);
			runOnlyForDeploymentPostprocessing = 0;
		};
/* End PBXFrameworksBuildPhase section */

/* Begin PBXGroup section */
		B247EC6B29AAFB3800716AEE = {
			isa = PBXGroup;
			children = (
				B247EC7629AAFB3800716AEE /* SampleDI */,
				B247EC8D29AAFB3A00716AEE /* SampleDITests */,
				B247EC9729AAFB3A00716AEE /* SampleDIUITests */,
				B247EC7529AAFB3800716AEE /* Products */,
				B247EEC429AEFD3500716AEE /* Frameworks */,
			);
			sourceTree = "<group>";
		};
		B247EC7529AAFB3800716AEE /* Products */ = {
			isa = PBXGroup;
			children = (
				B247EC7429AAFB3800716AEE /* SampleDI.app */,
				B247EC8A29AAFB3A00716AEE /* SampleDITests.xctest */,
				B247EC9429AAFB3A00716AEE /* SampleDIUITests.xctest */,
			);
			name = Products;
			sourceTree = "<group>";
		};
		B247EC7629AAFB3800716AEE /* SampleDI */ = {
			isa = PBXGroup;
			children = (
				B24FC9FD29B7188B0072B7DF /* LanhCung */,
				B247EEDD29AF11B300716AEE /* Utilities */,
				B247ECB929ACC23500716AEE /* SampleModel */,
				B247EC7729AAFB3800716AEE /* AppDelegate.swift */,
				B247EC7929AAFB3800716AEE /* SceneDelegate.swift */,
				B247EC7B29AAFB3800716AEE /* ViewController.swift */,
				B247EEE029AF16FC00716AEE /* ViewController+MasterModule.swift */,
				B247EEE229AF171C00716AEE /* ViewController+Router.swift */,
				B247EC7D29AAFB3800716AEE /* Main.storyboard */,
				B247EC8029AAFB3A00716AEE /* Assets.xcassets */,
				B247EC8229AAFB3A00716AEE /* LaunchScreen.storyboard */,
				B247EC8529AAFB3A00716AEE /* Info.plist */,
			);
			path = SampleDI;
			sourceTree = "<group>";
		};
		B247EC8D29AAFB3A00716AEE /* SampleDITests */ = {
			isa = PBXGroup;
			children = (
				B247EC8E29AAFB3A00716AEE /* SampleDITests.swift */,
			);
			path = SampleDITests;
			sourceTree = "<group>";
		};
		B247EC9729AAFB3A00716AEE /* SampleDIUITests */ = {
			isa = PBXGroup;
			children = (
				B247EC9829AAFB3A00716AEE /* SampleDIUITests.swift */,
				B247EC9A29AAFB3A00716AEE /* SampleDIUITestsLaunchTests.swift */,
			);
			path = SampleDIUITests;
			sourceTree = "<group>";
		};
		B247ECB929ACC23500716AEE /* SampleModel */ = {
			isa = PBXGroup;
			children = (
				B247ECBA29ACC24C00716AEE /* SampleModel.swift */,
				B25B1A2B29AF18E00005685F /* CustomRouterHandler.swift */,
			);
			path = SampleModel;
			sourceTree = "<group>";
		};
		B247EEC429AEFD3500716AEE /* Frameworks */ = {
			isa = PBXGroup;
			children = (
			);
			name = Frameworks;
			sourceTree = "<group>";
		};
		B247EEDD29AF11B300716AEE /* Utilities */ = {
			isa = PBXGroup;
			children = (
				B247EEDE29AF135500716AEE /* UIViewController+Alert.swift */,
			);
			path = Utilities;
			sourceTree = "<group>";
		};
		B24FC9FD29B7188B0072B7DF /* LanhCung */ = {
			isa = PBXGroup;
			children = (
				B24FC9FE29B7189D0072B7DF /* Modules */,
			);
			path = LanhCung;
			sourceTree = "<group>";
		};
		B24FC9FE29B7189D0072B7DF /* Modules */ = {
			isa = PBXGroup;
			children = (
				B24FC9FF29B7189D0072B7DF /* CoreModules */,
				B24FCA5A29B7189E0072B7DF /* Middle */,
				B24FCA6F29B7189E0072B7DF /* ProductModules */,
			);
			path = Modules;
			sourceTree = SOURCE_ROOT;
		};
		B24FC9FF29B7189D0072B7DF /* CoreModules */ = {
			isa = PBXGroup;
			children = (
				B24FCA0029B7189D0072B7DF /* GCDataBase */,
				B24FCA0829B7189D0072B7DF /* GCDeviceInfo */,
				B24FCA4529B7189E0072B7DF /* GCRouter */,
				B24FCA4D29B7189E0072B7DF /* GCMasterModule */,
			);
			path = CoreModules;
			sourceTree = "<group>";
		};
		B24FCA0029B7189D0072B7DF /* GCDataBase */ = {
			isa = PBXGroup;
			children = (
				B24FCA0129B7189D0072B7DF /* GCDataBase.h */,
				B24FCA0229B7189D0072B7DF /* Builder */,
				B24FCA0429B7189D0072B7DF /* Domain */,
				B24FCA0629B7189D0072B7DF /* Presentation */,
			);
			path = GCDataBase;
			sourceTree = "<group>";
		};
		B24FCA0229B7189D0072B7DF /* Builder */ = {
			isa = PBXGroup;
			children = (
				B24FCA0329B7189D0072B7DF /* GCDataBaseBuilder.swift */,
			);
			path = Builder;
			sourceTree = "<group>";
		};
		B24FCA0429B7189D0072B7DF /* Domain */ = {
			isa = PBXGroup;
			children = (
				B24FCA0529B7189D0072B7DF /* GCDataBaseProtocol.swift */,
			);
			path = Domain;
			sourceTree = "<group>";
		};
		B24FCA0629B7189D0072B7DF /* Presentation */ = {
			isa = PBXGroup;
			children = (
				B24FCA0729B7189D0072B7DF /* GCDataBase.swift */,
			);
			path = Presentation;
			sourceTree = "<group>";
		};
		B24FCA0829B7189D0072B7DF /* GCDeviceInfo */ = {
			isa = PBXGroup;
			children = (
				B24FCA0929B7189D0072B7DF /* GCDeviceInfo.h */,
				B24FCA0A29B7189D0072B7DF /* GCDeviceInfo+Router.swift */,
				B24FCA0B29B7189D0072B7DF /* Domain */,
				B24FCA2429B7189D0072B7DF /* Presentation */,
			);
			path = GCDeviceInfo;
			sourceTree = "<group>";
		};
		B24FCA0B29B7189D0072B7DF /* Domain */ = {
			isa = PBXGroup;
			children = (
				B24FCA0C29B7189D0072B7DF /* GCBatteryInfoProtocol.swift */,
				B24FCA0D29B7189D0072B7DF /* Entity */,
				B24FCA1829B7189D0072B7DF /* GCProcessInfoProtocol.swift */,
				B24FCA1929B7189D0072B7DF /* GCBundleInfoProtocol.swift */,
				B24FCA1A29B7189D0072B7DF /* GCCellularInfoProtocol.swift */,
				B24FCA1B29B7189D0072B7DF /* GCLocalizationInfoProtocol.swift */,
				B24FCA1C29B7189D0072B7DF /* GCVirtualMemoryProtocol.swift */,
				B24FCA1D29B7189D0072B7DF /* GCDiskInfoProtocol.swift */,
				B24FCA1E29B7189D0072B7DF /* GCStorageInfoProtocol.swift */,
				B24FCA1F29B7189D0072B7DF /* GCOSVersionProtocol.swift */,
				B24FCA2029B7189D0072B7DF /* GCFileInfoProtocol.swift */,
				B24FCA2129B7189D0072B7DF /* GCDeviceModelInfoProtocol.swift */,
				B24FCA2229B7189D0072B7DF /* GCDeviceInfoProtocol.swift */,
				B24FCA2329B7189D0072B7DF /* GCDisplayInfoProtocol.swift */,
			);
			path = Domain;
			sourceTree = "<group>";
		};
		B24FCA0D29B7189D0072B7DF /* Entity */ = {
			isa = PBXGroup;
			children = (
				B24FCA0E29B7189D0072B7DF /* GCAppDirectories.swift */,
				B24FCA0F29B7189D0072B7DF /* GCAppearance.swift */,
				B24FCA1029B7189D0072B7DF /* GCByteCountUnit.swift */,
				B24FCA1129B7189D0072B7DF /* ReceiptType.swift */,
				B24FCA1229B7189D0072B7DF /* GCCarrierInfo.swift */,
				B24FCA1329B7189D0072B7DF /* GCBatteryState.swift */,
				B24FCA1429B7189D0072B7DF /* GCDeviceModelIdentifier.swift */,
				B24FCA1529B7189D0072B7DF /* GCVolumeInfo.swift */,
				B24FCA1629B7189D0072B7DF /* GCDeviceModelIdentifier+Extension.swift */,
				B24FCA1729B7189D0072B7DF /* GCDeviceModel.swift */,
			);
			path = Entity;
			sourceTree = "<group>";
		};
		B24FCA2429B7189D0072B7DF /* Presentation */ = {
			isa = PBXGroup;
			children = (
				B24FCA2529B7189D0072B7DF /* GCProcessInfo */,
				B24FCA2729B7189D0072B7DF /* GCStorageInfo */,
				B24FCA2A29B7189D0072B7DF /* GCDisplayInfo */,
				B24FCA2C29B7189D0072B7DF /* GCDiskInfo */,
				B24FCA2E29B7189D0072B7DF /* GCBundleInfo */,
				B24FCA3029B7189D0072B7DF /* Utilities */,
				B24FCA3729B7189D0072B7DF /* GCLocalizationInfo */,
				B24FCA3929B7189E0072B7DF /* GCDeviceInfo */,
				B24FCA3C29B7189E0072B7DF /* GCDeviceModelInfo */,
				B24FCA3F29B7189E0072B7DF /* GCBatteryInfo */,
				B24FCA4129B7189E0072B7DF /* GCFileInfo */,
				B24FCA4329B7189E0072B7DF /* GCCellularInfo */,
			);
			path = Presentation;
			sourceTree = "<group>";
		};
		B24FCA2529B7189D0072B7DF /* GCProcessInfo */ = {
			isa = PBXGroup;
			children = (
				B24FCA2629B7189D0072B7DF /* GCProcessInfo.swift */,
			);
			path = GCProcessInfo;
			sourceTree = "<group>";
		};
		B24FCA2729B7189D0072B7DF /* GCStorageInfo */ = {
			isa = PBXGroup;
			children = (
				B24FCA2829B7189D0072B7DF /* GCStorageInfo.swift */,
				B24FCA2929B7189D0072B7DF /* GCVirtualMemory.swift */,
			);
			path = GCStorageInfo;
			sourceTree = "<group>";
		};
		B24FCA2A29B7189D0072B7DF /* GCDisplayInfo */ = {
			isa = PBXGroup;
			children = (
				B24FCA2B29B7189D0072B7DF /* GCDisplayInfo.swift */,
			);
			path = GCDisplayInfo;
			sourceTree = "<group>";
		};
		B24FCA2C29B7189D0072B7DF /* GCDiskInfo */ = {
			isa = PBXGroup;
			children = (
				B24FCA2D29B7189D0072B7DF /* GCDiskInfo.swift */,
			);
			path = GCDiskInfo;
			sourceTree = "<group>";
		};
		B24FCA2E29B7189D0072B7DF /* GCBundleInfo */ = {
			isa = PBXGroup;
			children = (
				B24FCA2F29B7189D0072B7DF /* GCBundleInfo.swift */,
			);
			path = GCBundleInfo;
			sourceTree = "<group>";
		};
		B24FCA3029B7189D0072B7DF /* Utilities */ = {
			isa = PBXGroup;
			children = (
				B24FCA3129B7189D0072B7DF /* Extension */,
			);
			path = Utilities;
			sourceTree = "<group>";
		};
		B24FCA3129B7189D0072B7DF /* Extension */ = {
			isa = PBXGroup;
			children = (
				B24FCA3229B7189D0072B7DF /* UIDevice+extension.swift */,
				B24FCA3329B7189D0072B7DF /* Optional+Extension.swift */,
				B24FCA3429B7189D0072B7DF /* String+Router.swift */,
				B24FCA3529B7189D0072B7DF /* ByteCountFormatter+FormatBytes.swift */,
				B24FCA3629B7189D0072B7DF /* Data+Crypto.swift */,
			);
			path = Extension;
			sourceTree = "<group>";
		};
		B24FCA3729B7189D0072B7DF /* GCLocalizationInfo */ = {
			isa = PBXGroup;
			children = (
				B24FCA3829B7189E0072B7DF /* GCLocalizationInfo.swift */,
			);
			path = GCLocalizationInfo;
			sourceTree = "<group>";
		};
		B24FCA3929B7189E0072B7DF /* GCDeviceInfo */ = {
			isa = PBXGroup;
			children = (
				B24FCA3A29B7189E0072B7DF /* GCDeviceInfo.swift */,
				B24FCA3B29B7189E0072B7DF /* GCDeviceInfoBuilder.swift */,
			);
			path = GCDeviceInfo;
			sourceTree = "<group>";
		};
		B24FCA3C29B7189E0072B7DF /* GCDeviceModelInfo */ = {
			isa = PBXGroup;
			children = (
				B24FCA3D29B7189E0072B7DF /* GCDeviceModelInfo.swift */,
				B24FCA3E29B7189E0072B7DF /* GCOSVersion.swift */,
			);
			path = GCDeviceModelInfo;
			sourceTree = "<group>";
		};
		B24FCA3F29B7189E0072B7DF /* GCBatteryInfo */ = {
			isa = PBXGroup;
			children = (
				B24FCA4029B7189E0072B7DF /* GCBatteryInfo.swift */,
			);
			path = GCBatteryInfo;
			sourceTree = "<group>";
		};
		B24FCA4129B7189E0072B7DF /* GCFileInfo */ = {
			isa = PBXGroup;
			children = (
				B24FCA4229B7189E0072B7DF /* GCFileInfo.swift */,
			);
			path = GCFileInfo;
			sourceTree = "<group>";
		};
		B24FCA4329B7189E0072B7DF /* GCCellularInfo */ = {
			isa = PBXGroup;
			children = (
				B24FCA4429B7189E0072B7DF /* GCCellularInfo.swift */,
			);
			path = GCCellularInfo;
			sourceTree = "<group>";
		};
		B24FCA4529B7189E0072B7DF /* GCRouter */ = {
			isa = PBXGroup;
			children = (
				B24FCA4629B7189E0072B7DF /* GCRouterUtilities.swift */,
				B24FCA4729B7189E0072B7DF /* String+extension.swift */,
				B24FCA4829B7189E0072B7DF /* GCRouterProtocol.swift */,
				B24FCA4929B7189E0072B7DF /* GCRouterItem.swift */,
				B24FCA4A29B7189E0072B7DF /* GCRouterSetting.swift */,
				B24FCA4B29B7189E0072B7DF /* GCRouter.h */,
				B24FCA4C29B7189E0072B7DF /* GCRouter.swift */,
			);
			path = GCRouter;
			sourceTree = "<group>";
		};
		B24FCA4D29B7189E0072B7DF /* GCMasterModule */ = {
			isa = PBXGroup;
			children = (
				B24FCA5029B7189E0072B7DF /* SetupModules */,
				B24FCA5229B7189E0072B7DF /* GCMasterModule+LocationService.swift */,
				B24FCA5329B7189E0072B7DF /* GCMasterModule+GCDeviceInfo.swift */,
				B24FCA5429B7189E0072B7DF /* GCMasterModule+Network.swift */,
				B24FCA5529B7189E0072B7DF /* GCMasterModule+Dependency.swift */,
				B24FCA5629B7189E0072B7DF /* GCMasterModule+LocalCache.swift */,
				B24FCA5729B7189E0072B7DF /* GCMasterModule.swift */,
				B24FCA5829B7189E0072B7DF /* GCMasterModule+Database.swift */,
				B24FCA5929B7189E0072B7DF /* GCMasterModule.h */,
			);
			path = GCMasterModule;
			sourceTree = "<group>";
		};
		B24FCA5029B7189E0072B7DF /* SetupModules */ = {
			isa = PBXGroup;
			children = (
				B24FCA5129B7189E0072B7DF /* GCMasterModule+SetupModule.swift */,
			);
			path = SetupModules;
			sourceTree = "<group>";
		};
		B24FCA5A29B7189E0072B7DF /* Middle */ = {
			isa = PBXGroup;
			children = (
				B24FCA5B29B7189E0072B7DF /* GCNetworking */,
				B24FCA6229B7189E0072B7DF /* GCLocalCached */,
				B24FCA6A29B7189E0072B7DF /* LocationFrameWork */,
			);
			path = Middle;
			sourceTree = "<group>";
		};
		B24FCA5B29B7189E0072B7DF /* GCNetworking */ = {
			isa = PBXGroup;
			children = (
				B24FCA5C29B7189E0072B7DF /* GCNetworking.h */,
				B24FCA5D29B7189E0072B7DF /* GCNetworking.swift */,
				B24FCA5E29B7189E0072B7DF /* Domain */,
			);
			path = GCNetworking;
			sourceTree = "<group>";
		};
		B24FCA5E29B7189E0072B7DF /* Domain */ = {
			isa = PBXGroup;
			children = (
				B24FCA5F29B7189E0072B7DF /* GCNetworkingProtocol.swift */,
				B24FCA6029B7189E0072B7DF /* Builder */,
			);
			path = Domain;
			sourceTree = "<group>";
		};
		B24FCA6029B7189E0072B7DF /* Builder */ = {
			isa = PBXGroup;
			children = (
				B24FCA6129B7189E0072B7DF /* GCNetworkingBuilder.swift */,
			);
			path = Builder;
			sourceTree = "<group>";
		};
		B24FCA6229B7189E0072B7DF /* GCLocalCached */ = {
			isa = PBXGroup;
			children = (
				B24FCA6329B7189E0072B7DF /* Builder */,
				B24FCA6529B7189E0072B7DF /* Domain */,
				B24FCA6729B7189E0072B7DF /* Presentation */,
				B24FCA6929B7189E0072B7DF /* GCLocalCached.h */,
			);
			path = GCLocalCached;
			sourceTree = "<group>";
		};
		B24FCA6329B7189E0072B7DF /* Builder */ = {
			isa = PBXGroup;
			children = (
				B24FCA6429B7189E0072B7DF /* GCLocalCacheBuilder.swift */,
			);
			path = Builder;
			sourceTree = "<group>";
		};
		B24FCA6529B7189E0072B7DF /* Domain */ = {
			isa = PBXGroup;
			children = (
				B24FCA6629B7189E0072B7DF /* GCLocalCachedProtocol.swift */,
			);
			path = Domain;
			sourceTree = "<group>";
		};
		B24FCA6729B7189E0072B7DF /* Presentation */ = {
			isa = PBXGroup;
			children = (
				B24FCA6829B7189E0072B7DF /* GCLocalCached.swift */,
			);
			path = Presentation;
			sourceTree = "<group>";
		};
		B24FCA6A29B7189E0072B7DF /* LocationFrameWork */ = {
			isa = PBXGroup;
			children = (
				B24FCA6B29B7189E0072B7DF /* LocationFrameWork.h */,
				B24FCA6C29B7189E0072B7DF /* LocationServices.swift */,
				B24FCA6D29B7189E0072B7DF /* LocationServiceModuleRegister.swift */,
				B24FCA6E29B7189E0072B7DF /* LocationServicesRouterHandler.swift */,
			);
			path = LocationFrameWork;
			sourceTree = "<group>";
		};
		B24FCA6F29B7189E0072B7DF /* ProductModules */ = {
			isa = PBXGroup;
			children = (
				B24FCA7029B7189E0072B7DF /* GCClient */,
			);
			path = ProductModules;
			sourceTree = "<group>";
		};
		B24FCA7029B7189E0072B7DF /* GCClient */ = {
			isa = PBXGroup;
			children = (
				B24FCA7129B7189E0072B7DF /* GeoComplySDK.swift */,
				B24FCA7229B7189E0072B7DF /* GCClient.h */,
			);
			path = GCClient;
			sourceTree = "<group>";
		};
/* End PBXGroup section */

/* Begin PBXNativeTarget section */
		B247EC7329AAFB3800716AEE /* SampleDI */ = {
			isa = PBXNativeTarget;
			buildConfigurationList = B247EC9E29AAFB3A00716AEE /* Build configuration list for PBXNativeTarget "SampleDI" */;
			buildPhases = (
				B247EC7029AAFB3800716AEE /* Sources */,
				B247EC7129AAFB3800716AEE /* Frameworks */,
				B247EC7229AAFB3800716AEE /* Resources */,
				B247ED4029AD03F800716AEE /* Embed Frameworks */,
			);
			buildRules = (
			);
			dependencies = (
			);
			name = SampleDI;
			productName = SampleDI;
			productReference = B247EC7429AAFB3800716AEE /* SampleDI.app */;
			productType = "com.apple.product-type.application";
		};
		B247EC8929AAFB3A00716AEE /* SampleDITests */ = {
			isa = PBXNativeTarget;
			buildConfigurationList = B247ECA129AAFB3A00716AEE /* Build configuration list for PBXNativeTarget "SampleDITests" */;
			buildPhases = (
				B247EC8629AAFB3A00716AEE /* Sources */,
				B247EC8729AAFB3A00716AEE /* Frameworks */,
				B247EC8829AAFB3A00716AEE /* Resources */,
			);
			buildRules = (
			);
			dependencies = (
				B247EC8C29AAFB3A00716AEE /* PBXTargetDependency */,
			);
			name = SampleDITests;
			productName = SampleDITests;
			productReference = B247EC8A29AAFB3A00716AEE /* SampleDITests.xctest */;
			productType = "com.apple.product-type.bundle.unit-test";
		};
		B247EC9329AAFB3A00716AEE /* SampleDIUITests */ = {
			isa = PBXNativeTarget;
			buildConfigurationList = B247ECA429AAFB3A00716AEE /* Build configuration list for PBXNativeTarget "SampleDIUITests" */;
			buildPhases = (
				B247EC9029AAFB3A00716AEE /* Sources */,
				B247EC9129AAFB3A00716AEE /* Frameworks */,
				B247EC9229AAFB3A00716AEE /* Resources */,
			);
			buildRules = (
			);
			dependencies = (
				B247EC9629AAFB3A00716AEE /* PBXTargetDependency */,
			);
			name = SampleDIUITests;
			productName = SampleDIUITests;
			productReference = B247EC9429AAFB3A00716AEE /* SampleDIUITests.xctest */;
			productType = "com.apple.product-type.bundle.ui-testing";
		};
/* End PBXNativeTarget section */

/* Begin PBXProject section */
		B247EC6C29AAFB3800716AEE /* Project object */ = {
			isa = PBXProject;
			attributes = {
				BuildIndependentTargetsInParallel = 1;
				LastSwiftUpdateCheck = 1420;
				LastUpgradeCheck = 1420;
				TargetAttributes = {
					B247EC7329AAFB3800716AEE = {
						CreatedOnToolsVersion = 14.2;
					};
					B247EC8929AAFB3A00716AEE = {
						CreatedOnToolsVersion = 14.2;
						TestTargetID = B247EC7329AAFB3800716AEE;
					};
					B247EC9329AAFB3A00716AEE = {
						CreatedOnToolsVersion = 14.2;
						TestTargetID = B247EC7329AAFB3800716AEE;
					};
				};
			};
			buildConfigurationList = B247EC6F29AAFB3800716AEE /* Build configuration list for PBXProject "SampleDI" */;
			compatibilityVersion = "Xcode 14.0";
			developmentRegion = en;
			hasScannedForEncodings = 0;
			knownRegions = (
				en,
				Base,
			);
			mainGroup = B247EC6B29AAFB3800716AEE;
			productRefGroup = B247EC7529AAFB3800716AEE /* Products */;
			projectDirPath = "";
			projectRoot = "";
			targets = (
				B247EC7329AAFB3800716AEE /* SampleDI */,
				B247EC8929AAFB3A00716AEE /* SampleDITests */,
				B247EC9329AAFB3A00716AEE /* SampleDIUITests */,
			);
		};
/* End PBXProject section */

/* Begin PBXResourcesBuildPhase section */
		B247EC7229AAFB3800716AEE /* Resources */ = {
			isa = PBXResourcesBuildPhase;
			buildActionMask = 2147483647;
			files = (
				B247EC8429AAFB3A00716AEE /* LaunchScreen.storyboard in Resources */,
				B247EC8129AAFB3A00716AEE /* Assets.xcassets in Resources */,
				B247EC7F29AAFB3800716AEE /* Main.storyboard in Resources */,
			);
			runOnlyForDeploymentPostprocessing = 0;
		};
		B247EC8829AAFB3A00716AEE /* Resources */ = {
			isa = PBXResourcesBuildPhase;
			buildActionMask = 2147483647;
			files = (
			);
			runOnlyForDeploymentPostprocessing = 0;
		};
		B247EC9229AAFB3A00716AEE /* Resources */ = {
			isa = PBXResourcesBuildPhase;
			buildActionMask = 2147483647;
			files = (
			);
			runOnlyForDeploymentPostprocessing = 0;
		};
/* End PBXResourcesBuildPhase section */

/* Begin PBXSourcesBuildPhase section */
		B247EC7029AAFB3800716AEE /* Sources */ = {
			isa = PBXSourcesBuildPhase;
			buildActionMask = 2147483647;
			files = (
				B24FCA7F29B7189E0072B7DF /* GCVolumeInfo.swift in Sources */,
				B24FCA9C29B7189E0072B7DF /* GCDeviceModelInfo.swift in Sources */,
				B24FCA9529B7189E0072B7DF /* Optional+Extension.swift in Sources */,
				B24FCAAF29B7189E0072B7DF /* GCMasterModule+Database.swift in Sources */,
				B24FCA9429B7189E0072B7DF /* UIDevice+extension.swift in Sources */,
				B24FCA9929B7189E0072B7DF /* GCLocalizationInfo.swift in Sources */,
				B247EEDF29AF135500716AEE /* UIViewController+Alert.swift in Sources */,
				B24FCA9329B7189E0072B7DF /* GCBundleInfo.swift in Sources */,
				B24FCA8D29B7189E0072B7DF /* GCDisplayInfoProtocol.swift in Sources */,
				B247EC7C29AAFB3800716AEE /* ViewController.swift in Sources */,
				B24FCAB329B7189E0072B7DF /* GCLocalCacheBuilder.swift in Sources */,
				B24FCAB729B7189E0072B7DF /* LocationServiceModuleRegister.swift in Sources */,
				B247EEE129AF16FC00716AEE /* ViewController+MasterModule.swift in Sources */,
				B24FCA7529B7189E0072B7DF /* GCDataBase.swift in Sources */,
				B24FCA8229B7189E0072B7DF /* GCProcessInfoProtocol.swift in Sources */,
				B24FCA9B29B7189E0072B7DF /* GCDeviceInfoBuilder.swift in Sources */,
				B24FCA8329B7189E0072B7DF /* GCBundleInfoProtocol.swift in Sources */,
				B24FCA8C29B7189E0072B7DF /* GCDeviceInfoProtocol.swift in Sources */,
				B24FCA9E29B7189E0072B7DF /* GCBatteryInfo.swift in Sources */,
				B247EEE329AF171C00716AEE /* ViewController+Router.swift in Sources */,
				B24FCAAC29B7189E0072B7DF /* GCMasterModule+Dependency.swift in Sources */,
				B24FCAA429B7189E0072B7DF /* GCRouterItem.swift in Sources */,
				B24FCA7429B7189E0072B7DF /* GCDataBaseProtocol.swift in Sources */,
				B24FCA7629B7189E0072B7DF /* GCDeviceInfo+Router.swift in Sources */,
				B24FCA7A29B7189E0072B7DF /* GCByteCountUnit.swift in Sources */,
				B24FCA8929B7189E0072B7DF /* GCOSVersionProtocol.swift in Sources */,
				B24FCA8829B7189E0072B7DF /* GCStorageInfoProtocol.swift in Sources */,
				B24FCAB429B7189E0072B7DF /* GCLocalCachedProtocol.swift in Sources */,
				B24FCA7829B7189E0072B7DF /* GCAppDirectories.swift in Sources */,
				B24FCA8629B7189E0072B7DF /* GCVirtualMemoryProtocol.swift in Sources */,
				B24FCAA929B7189E0072B7DF /* GCMasterModule+LocationService.swift in Sources */,
				B24FCAB229B7189E0072B7DF /* GCNetworkingBuilder.swift in Sources */,
				B247ECBB29ACC24C00716AEE /* SampleModel.swift in Sources */,
				B24FCAB929B7189E0072B7DF /* GeoComplySDK.swift in Sources */,
				B24FCAA129B7189E0072B7DF /* GCRouterUtilities.swift in Sources */,
				B24FCA8B29B7189E0072B7DF /* GCDeviceModelInfoProtocol.swift in Sources */,
				B247EC7829AAFB3800716AEE /* AppDelegate.swift in Sources */,
				B24FCAB029B7189E0072B7DF /* GCNetworking.swift in Sources */,
				B24FCA9229B7189E0072B7DF /* GCDiskInfo.swift in Sources */,
				B25B1A2C29AF18E00005685F /* CustomRouterHandler.swift in Sources */,
				B24FCA8729B7189E0072B7DF /* GCDiskInfoProtocol.swift in Sources */,
				B24FCA9829B7189E0072B7DF /* Data+Crypto.swift in Sources */,
				B24FCA9029B7189E0072B7DF /* GCVirtualMemory.swift in Sources */,
				B24FCA9129B7189E0072B7DF /* GCDisplayInfo.swift in Sources */,
				B24FCAA829B7189E0072B7DF /* GCMasterModule+SetupModule.swift in Sources */,
				B24FCAB529B7189E0072B7DF /* GCLocalCached.swift in Sources */,
				B24FCA8529B7189E0072B7DF /* GCLocalizationInfoProtocol.swift in Sources */,
				B24FCA7C29B7189E0072B7DF /* GCCarrierInfo.swift in Sources */,
				B24FCA8029B7189E0072B7DF /* GCDeviceModelIdentifier+Extension.swift in Sources */,
				B24FCA8F29B7189E0072B7DF /* GCStorageInfo.swift in Sources */,
				B24FCAAB29B7189E0072B7DF /* GCMasterModule+Network.swift in Sources */,
				B24FCA8429B7189E0072B7DF /* GCCellularInfoProtocol.swift in Sources */,
				B24FCA9A29B7189E0072B7DF /* GCDeviceInfo.swift in Sources */,
				B24FCAA229B7189E0072B7DF /* String+extension.swift in Sources */,
				B24FCA9F29B7189E0072B7DF /* GCFileInfo.swift in Sources */,
				B24FCA9729B7189E0072B7DF /* ByteCountFormatter+FormatBytes.swift in Sources */,
				B24FCAA629B7189E0072B7DF /* GCRouter.swift in Sources */,
				B24FCA9629B7189E0072B7DF /* String+Router.swift in Sources */,
				B24FCAAE29B7189E0072B7DF /* GCMasterModule.swift in Sources */,
				B24FCAB129B7189E0072B7DF /* GCNetworkingProtocol.swift in Sources */,
				B24FCAB829B7189E0072B7DF /* LocationServicesRouterHandler.swift in Sources */,
				B24FCA8129B7189E0072B7DF /* GCDeviceModel.swift in Sources */,
				B24FCA7729B7189E0072B7DF /* GCBatteryInfoProtocol.swift in Sources */,
				B24FCA7E29B7189E0072B7DF /* GCDeviceModelIdentifier.swift in Sources */,
				B24FCA9D29B7189E0072B7DF /* GCOSVersion.swift in Sources */,
				B24FCAA529B7189E0072B7DF /* GCRouterSetting.swift in Sources */,
				B24FCA7D29B7189E0072B7DF /* GCBatteryState.swift in Sources */,
				B24FCA8A29B7189E0072B7DF /* GCFileInfoProtocol.swift in Sources */,
				B24FCA8E29B7189E0072B7DF /* GCProcessInfo.swift in Sources */,
				B24FCAAD29B7189E0072B7DF /* GCMasterModule+LocalCache.swift in Sources */,
				B24FCAA329B7189E0072B7DF /* GCRouterProtocol.swift in Sources */,
				B247EC7A29AAFB3800716AEE /* SceneDelegate.swift in Sources */,
				B24FCAAA29B7189E0072B7DF /* GCMasterModule+GCDeviceInfo.swift in Sources */,
				B24FCA7329B7189E0072B7DF /* GCDataBaseBuilder.swift in Sources */,
				B24FCA7B29B7189E0072B7DF /* ReceiptType.swift in Sources */,
				B24FCA7929B7189E0072B7DF /* GCAppearance.swift in Sources */,
				B24FCAB629B7189E0072B7DF /* LocationServices.swift in Sources */,
				B24FCAA029B7189E0072B7DF /* GCCellularInfo.swift in Sources */,
			);
			runOnlyForDeploymentPostprocessing = 0;
		};
		B247EC8629AAFB3A00716AEE /* Sources */ = {
			isa = PBXSourcesBuildPhase;
			buildActionMask = 2147483647;
			files = (
				B247EC8F29AAFB3A00716AEE /* SampleDITests.swift in Sources */,
			);
			runOnlyForDeploymentPostprocessing = 0;
		};
		B247EC9029AAFB3A00716AEE /* Sources */ = {
			isa = PBXSourcesBuildPhase;
			buildActionMask = 2147483647;
			files = (
				B247EC9B29AAFB3A00716AEE /* SampleDIUITestsLaunchTests.swift in Sources */,
				B247EC9929AAFB3A00716AEE /* SampleDIUITests.swift in Sources */,
			);
			runOnlyForDeploymentPostprocessing = 0;
		};
/* End PBXSourcesBuildPhase section */

/* Begin PBXTargetDependency section */
		B247EC8C29AAFB3A00716AEE /* PBXTargetDependency */ = {
			isa = PBXTargetDependency;
			target = B247EC7329AAFB3800716AEE /* SampleDI */;
			targetProxy = B247EC8B29AAFB3A00716AEE /* PBXContainerItemProxy */;
		};
		B247EC9629AAFB3A00716AEE /* PBXTargetDependency */ = {
			isa = PBXTargetDependency;
			target = B247EC7329AAFB3800716AEE /* SampleDI */;
			targetProxy = B247EC9529AAFB3A00716AEE /* PBXContainerItemProxy */;
		};
/* End PBXTargetDependency section */

/* Begin PBXVariantGroup section */
		B247EC7D29AAFB3800716AEE /* Main.storyboard */ = {
			isa = PBXVariantGroup;
			children = (
				B247EC7E29AAFB3800716AEE /* Base */,
			);
			name = Main.storyboard;
			sourceTree = "<group>";
		};
		B247EC8229AAFB3A00716AEE /* LaunchScreen.storyboard */ = {
			isa = PBXVariantGroup;
			children = (
				B247EC8329AAFB3A00716AEE /* Base */,
			);
			name = LaunchScreen.storyboard;
			sourceTree = "<group>";
		};
/* End PBXVariantGroup section */

/* Begin XCBuildConfiguration section */
		B247EC9C29AAFB3A00716AEE /* Debug */ = {
			isa = XCBuildConfiguration;
			buildSettings = {
				ALWAYS_SEARCH_USER_PATHS = NO;
				CLANG_ANALYZER_NONNULL = YES;
				CLANG_ANALYZER_NUMBER_OBJECT_CONVERSION = YES_AGGRESSIVE;
				CLANG_CXX_LANGUAGE_STANDARD = "gnu++20";
				CLANG_ENABLE_MODULES = YES;
				CLANG_ENABLE_OBJC_ARC = YES;
				CLANG_ENABLE_OBJC_WEAK = YES;
				CLANG_WARN_BLOCK_CAPTURE_AUTORELEASING = YES;
				CLANG_WARN_BOOL_CONVERSION = YES;
				CLANG_WARN_COMMA = YES;
				CLANG_WARN_CONSTANT_CONVERSION = YES;
				CLANG_WARN_DEPRECATED_OBJC_IMPLEMENTATIONS = YES;
				CLANG_WARN_DIRECT_OBJC_ISA_USAGE = YES_ERROR;
				CLANG_WARN_DOCUMENTATION_COMMENTS = YES;
				CLANG_WARN_EMPTY_BODY = YES;
				CLANG_WARN_ENUM_CONVERSION = YES;
				CLANG_WARN_INFINITE_RECURSION = YES;
				CLANG_WARN_INT_CONVERSION = YES;
				CLANG_WARN_NON_LITERAL_NULL_CONVERSION = YES;
				CLANG_WARN_OBJC_IMPLICIT_RETAIN_SELF = YES;
				CLANG_WARN_OBJC_LITERAL_CONVERSION = YES;
				CLANG_WARN_OBJC_ROOT_CLASS = YES_ERROR;
				CLANG_WARN_QUOTED_INCLUDE_IN_FRAMEWORK_HEADER = YES;
				CLANG_WARN_RANGE_LOOP_ANALYSIS = YES;
				CLANG_WARN_STRICT_PROTOTYPES = YES;
				CLANG_WARN_SUSPICIOUS_MOVE = YES;
				CLANG_WARN_UNGUARDED_AVAILABILITY = YES_AGGRESSIVE;
				CLANG_WARN_UNREACHABLE_CODE = YES;
				CLANG_WARN__DUPLICATE_METHOD_MATCH = YES;
				COPY_PHASE_STRIP = NO;
				DEBUG_INFORMATION_FORMAT = dwarf;
				ENABLE_STRICT_OBJC_MSGSEND = YES;
				ENABLE_TESTABILITY = YES;
				GCC_C_LANGUAGE_STANDARD = gnu11;
				GCC_DYNAMIC_NO_PIC = NO;
				GCC_NO_COMMON_BLOCKS = YES;
				GCC_OPTIMIZATION_LEVEL = 0;
				GCC_PREPROCESSOR_DEFINITIONS = (
					"DEBUG=1",
					"$(inherited)",
				);
				GCC_WARN_64_TO_32_BIT_CONVERSION = YES;
				GCC_WARN_ABOUT_RETURN_TYPE = YES_ERROR;
				GCC_WARN_UNDECLARED_SELECTOR = YES;
				GCC_WARN_UNINITIALIZED_AUTOS = YES_AGGRESSIVE;
				GCC_WARN_UNUSED_FUNCTION = YES;
				GCC_WARN_UNUSED_VARIABLE = YES;
				IPHONEOS_DEPLOYMENT_TARGET = 11.0;
				MTL_ENABLE_DEBUG_INFO = INCLUDE_SOURCE;
				MTL_FAST_MATH = YES;
				ONLY_ACTIVE_ARCH = YES;
				SDKROOT = iphoneos;
				SWIFT_ACTIVE_COMPILATION_CONDITIONS = DEBUG;
				SWIFT_OPTIMIZATION_LEVEL = "-Onone";
			};
			name = Debug;
		};
		B247EC9D29AAFB3A00716AEE /* Release */ = {
			isa = XCBuildConfiguration;
			buildSettings = {
				ALWAYS_SEARCH_USER_PATHS = NO;
				CLANG_ANALYZER_NONNULL = YES;
				CLANG_ANALYZER_NUMBER_OBJECT_CONVERSION = YES_AGGRESSIVE;
				CLANG_CXX_LANGUAGE_STANDARD = "gnu++20";
				CLANG_ENABLE_MODULES = YES;
				CLANG_ENABLE_OBJC_ARC = YES;
				CLANG_ENABLE_OBJC_WEAK = YES;
				CLANG_WARN_BLOCK_CAPTURE_AUTORELEASING = YES;
				CLANG_WARN_BOOL_CONVERSION = YES;
				CLANG_WARN_COMMA = YES;
				CLANG_WARN_CONSTANT_CONVERSION = YES;
				CLANG_WARN_DEPRECATED_OBJC_IMPLEMENTATIONS = YES;
				CLANG_WARN_DIRECT_OBJC_ISA_USAGE = YES_ERROR;
				CLANG_WARN_DOCUMENTATION_COMMENTS = YES;
				CLANG_WARN_EMPTY_BODY = YES;
				CLANG_WARN_ENUM_CONVERSION = YES;
				CLANG_WARN_INFINITE_RECURSION = YES;
				CLANG_WARN_INT_CONVERSION = YES;
				CLANG_WARN_NON_LITERAL_NULL_CONVERSION = YES;
				CLANG_WARN_OBJC_IMPLICIT_RETAIN_SELF = YES;
				CLANG_WARN_OBJC_LITERAL_CONVERSION = YES;
				CLANG_WARN_OBJC_ROOT_CLASS = YES_ERROR;
				CLANG_WARN_QUOTED_INCLUDE_IN_FRAMEWORK_HEADER = YES;
				CLANG_WARN_RANGE_LOOP_ANALYSIS = YES;
				CLANG_WARN_STRICT_PROTOTYPES = YES;
				CLANG_WARN_SUSPICIOUS_MOVE = YES;
				CLANG_WARN_UNGUARDED_AVAILABILITY = YES_AGGRESSIVE;
				CLANG_WARN_UNREACHABLE_CODE = YES;
				CLANG_WARN__DUPLICATE_METHOD_MATCH = YES;
				COPY_PHASE_STRIP = NO;
				DEBUG_INFORMATION_FORMAT = "dwarf-with-dsym";
				ENABLE_NS_ASSERTIONS = NO;
				ENABLE_STRICT_OBJC_MSGSEND = YES;
				GCC_C_LANGUAGE_STANDARD = gnu11;
				GCC_NO_COMMON_BLOCKS = YES;
				GCC_WARN_64_TO_32_BIT_CONVERSION = YES;
				GCC_WARN_ABOUT_RETURN_TYPE = YES_ERROR;
				GCC_WARN_UNDECLARED_SELECTOR = YES;
				GCC_WARN_UNINITIALIZED_AUTOS = YES_AGGRESSIVE;
				GCC_WARN_UNUSED_FUNCTION = YES;
				GCC_WARN_UNUSED_VARIABLE = YES;
				IPHONEOS_DEPLOYMENT_TARGET = 11.0;
				MTL_ENABLE_DEBUG_INFO = NO;
				MTL_FAST_MATH = YES;
				SDKROOT = iphoneos;
				SWIFT_COMPILATION_MODE = wholemodule;
				SWIFT_OPTIMIZATION_LEVEL = "-O";
				VALIDATE_PRODUCT = YES;
			};
			name = Release;
		};
		B247EC9F29AAFB3A00716AEE /* Debug */ = {
			isa = XCBuildConfiguration;
			buildSettings = {
				ALWAYS_EMBED_SWIFT_STANDARD_LIBRARIES = YES;
				ASSETCATALOG_COMPILER_APPICON_NAME = AppIcon;
				ASSETCATALOG_COMPILER_GLOBAL_ACCENT_COLOR_NAME = AccentColor;
				CODE_SIGN_STYLE = Automatic;
				CURRENT_PROJECT_VERSION = 1;
				DEVELOPMENT_TEAM = VFPAF8QZH5;
				GENERATE_INFOPLIST_FILE = YES;
				INFOPLIST_FILE = SampleDI/Info.plist;
				INFOPLIST_KEY_UIApplicationSupportsIndirectInputEvents = YES;
				INFOPLIST_KEY_UILaunchStoryboardName = LaunchScreen;
				INFOPLIST_KEY_UIMainStoryboardFile = Main;
				INFOPLIST_KEY_UISupportedInterfaceOrientations_iPad = "UIInterfaceOrientationPortrait UIInterfaceOrientationPortraitUpsideDown UIInterfaceOrientationLandscapeLeft UIInterfaceOrientationLandscapeRight";
				INFOPLIST_KEY_UISupportedInterfaceOrientations_iPhone = "UIInterfaceOrientationPortrait UIInterfaceOrientationLandscapeLeft UIInterfaceOrientationLandscapeRight";
				LD_RUNPATH_SEARCH_PATHS = (
					"$(inherited)",
					"@executable_path/Frameworks",
				);
				MARKETING_VERSION = 1.0;
				PRODUCT_BUNDLE_IDENTIFIER = test.calendar.control.SampleDI;
				PRODUCT_NAME = "$(TARGET_NAME)";
				SWIFT_EMIT_LOC_STRINGS = YES;
				SWIFT_VERSION = 5.0;
				TARGETED_DEVICE_FAMILY = "1,2";
			};
			name = Debug;
		};
		B247ECA029AAFB3A00716AEE /* Release */ = {
			isa = XCBuildConfiguration;
			buildSettings = {
				ALWAYS_EMBED_SWIFT_STANDARD_LIBRARIES = YES;
				ASSETCATALOG_COMPILER_APPICON_NAME = AppIcon;
				ASSETCATALOG_COMPILER_GLOBAL_ACCENT_COLOR_NAME = AccentColor;
				CODE_SIGN_STYLE = Automatic;
				CURRENT_PROJECT_VERSION = 1;
				DEVELOPMENT_TEAM = VFPAF8QZH5;
				GENERATE_INFOPLIST_FILE = YES;
				INFOPLIST_FILE = SampleDI/Info.plist;
				INFOPLIST_KEY_UIApplicationSupportsIndirectInputEvents = YES;
				INFOPLIST_KEY_UILaunchStoryboardName = LaunchScreen;
				INFOPLIST_KEY_UIMainStoryboardFile = Main;
				INFOPLIST_KEY_UISupportedInterfaceOrientations_iPad = "UIInterfaceOrientationPortrait UIInterfaceOrientationPortraitUpsideDown UIInterfaceOrientationLandscapeLeft UIInterfaceOrientationLandscapeRight";
				INFOPLIST_KEY_UISupportedInterfaceOrientations_iPhone = "UIInterfaceOrientationPortrait UIInterfaceOrientationLandscapeLeft UIInterfaceOrientationLandscapeRight";
				LD_RUNPATH_SEARCH_PATHS = (
					"$(inherited)",
					"@executable_path/Frameworks",
				);
				MARKETING_VERSION = 1.0;
				PRODUCT_BUNDLE_IDENTIFIER = test.calendar.control.SampleDI;
				PRODUCT_NAME = "$(TARGET_NAME)";
				SWIFT_EMIT_LOC_STRINGS = YES;
				SWIFT_VERSION = 5.0;
				TARGETED_DEVICE_FAMILY = "1,2";
			};
			name = Release;
		};
		B247ECA229AAFB3A00716AEE /* Debug */ = {
			isa = XCBuildConfiguration;
			buildSettings = {
				ALWAYS_EMBED_SWIFT_STANDARD_LIBRARIES = YES;
				BUNDLE_LOADER = "$(TEST_HOST)";
				CODE_SIGN_STYLE = Automatic;
				CURRENT_PROJECT_VERSION = 1;
				DEVELOPMENT_TEAM = VFPAF8QZH5;
				GENERATE_INFOPLIST_FILE = YES;
				IPHONEOS_DEPLOYMENT_TARGET = 16.2;
				MARKETING_VERSION = 1.0;
				PRODUCT_BUNDLE_IDENTIFIER = test.calendar.control.SampleDITests;
				PRODUCT_NAME = "$(TARGET_NAME)";
				SWIFT_EMIT_LOC_STRINGS = NO;
				SWIFT_VERSION = 5.0;
				TARGETED_DEVICE_FAMILY = "1,2";
				TEST_HOST = "$(BUILT_PRODUCTS_DIR)/SampleDI.app/$(BUNDLE_EXECUTABLE_FOLDER_PATH)/SampleDI";
			};
			name = Debug;
		};
		B247ECA329AAFB3A00716AEE /* Release */ = {
			isa = XCBuildConfiguration;
			buildSettings = {
				ALWAYS_EMBED_SWIFT_STANDARD_LIBRARIES = YES;
				BUNDLE_LOADER = "$(TEST_HOST)";
				CODE_SIGN_STYLE = Automatic;
				CURRENT_PROJECT_VERSION = 1;
				DEVELOPMENT_TEAM = VFPAF8QZH5;
				GENERATE_INFOPLIST_FILE = YES;
				IPHONEOS_DEPLOYMENT_TARGET = 16.2;
				MARKETING_VERSION = 1.0;
				PRODUCT_BUNDLE_IDENTIFIER = test.calendar.control.SampleDITests;
				PRODUCT_NAME = "$(TARGET_NAME)";
				SWIFT_EMIT_LOC_STRINGS = NO;
				SWIFT_VERSION = 5.0;
				TARGETED_DEVICE_FAMILY = "1,2";
				TEST_HOST = "$(BUILT_PRODUCTS_DIR)/SampleDI.app/$(BUNDLE_EXECUTABLE_FOLDER_PATH)/SampleDI";
			};
			name = Release;
		};
		B247ECA529AAFB3A00716AEE /* Debug */ = {
			isa = XCBuildConfiguration;
			buildSettings = {
				ALWAYS_EMBED_SWIFT_STANDARD_LIBRARIES = YES;
				CODE_SIGN_STYLE = Automatic;
				CURRENT_PROJECT_VERSION = 1;
				DEVELOPMENT_TEAM = VFPAF8QZH5;
				GENERATE_INFOPLIST_FILE = YES;
				MARKETING_VERSION = 1.0;
				PRODUCT_BUNDLE_IDENTIFIER = test.calendar.control.SampleDIUITests;
				PRODUCT_NAME = "$(TARGET_NAME)";
				SWIFT_EMIT_LOC_STRINGS = NO;
				SWIFT_VERSION = 5.0;
				TARGETED_DEVICE_FAMILY = "1,2";
				TEST_TARGET_NAME = SampleDI;
			};
			name = Debug;
		};
		B247ECA629AAFB3A00716AEE /* Release */ = {
			isa = XCBuildConfiguration;
			buildSettings = {
				ALWAYS_EMBED_SWIFT_STANDARD_LIBRARIES = YES;
				CODE_SIGN_STYLE = Automatic;
				CURRENT_PROJECT_VERSION = 1;
				DEVELOPMENT_TEAM = VFPAF8QZH5;
				GENERATE_INFOPLIST_FILE = YES;
				MARKETING_VERSION = 1.0;
				PRODUCT_BUNDLE_IDENTIFIER = test.calendar.control.SampleDIUITests;
				PRODUCT_NAME = "$(TARGET_NAME)";
				SWIFT_EMIT_LOC_STRINGS = NO;
				SWIFT_VERSION = 5.0;
				TARGETED_DEVICE_FAMILY = "1,2";
				TEST_TARGET_NAME = SampleDI;
			};
			name = Release;
		};
/* End XCBuildConfiguration section */

/* Begin XCConfigurationList section */
		B247EC6F29AAFB3800716AEE /* Build configuration list for PBXProject "SampleDI" */ = {
			isa = XCConfigurationList;
			buildConfigurations = (
				B247EC9C29AAFB3A00716AEE /* Debug */,
				B247EC9D29AAFB3A00716AEE /* Release */,
			);
			defaultConfigurationIsVisible = 0;
			defaultConfigurationName = Release;
		};
		B247EC9E29AAFB3A00716AEE /* Build configuration list for PBXNativeTarget "SampleDI" */ = {
			isa = XCConfigurationList;
			buildConfigurations = (
				B247EC9F29AAFB3A00716AEE /* Debug */,
				B247ECA029AAFB3A00716AEE /* Release */,
			);
			defaultConfigurationIsVisible = 0;
			defaultConfigurationName = Release;
		};
		B247ECA129AAFB3A00716AEE /* Build configuration list for PBXNativeTarget "SampleDITests" */ = {
			isa = XCConfigurationList;
			buildConfigurations = (
				B247ECA229AAFB3A00716AEE /* Debug */,
				B247ECA329AAFB3A00716AEE /* Release */,
			);
			defaultConfigurationIsVisible = 0;
			defaultConfigurationName = Release;
		};
		B247ECA429AAFB3A00716AEE /* Build configuration list for PBXNativeTarget "SampleDIUITests" */ = {
			isa = XCConfigurationList;
			buildConfigurations = (
				B247ECA529AAFB3A00716AEE /* Debug */,
				B247ECA629AAFB3A00716AEE /* Release */,
			);
			defaultConfigurationIsVisible = 0;
			defaultConfigurationName = Release;
		};
/* End XCConfigurationList section */
	};
	rootObject = B247EC6C29AAFB3800716AEE /* Project object */;
}
